// !$*UTF8*$!
{
	archiveVersion = 1;
	classes = {
	};
	objectVersion = 48;
	objects = {

/* Begin PBXBuildFile section */
		5C031AB220219BA000F3D059 /* AppDelegate.swift in Sources */ = {isa = PBXBuildFile; fileRef = 5C031AB120219BA000F3D059 /* AppDelegate.swift */; };
		5C031AB420219BA000F3D059 /* ViewController.swift in Sources */ = {isa = PBXBuildFile; fileRef = 5C031AB320219BA000F3D059 /* ViewController.swift */; };
		5C031AB720219BA100F3D059 /* Main.storyboard in Resources */ = {isa = PBXBuildFile; fileRef = 5C031AB520219BA100F3D059 /* Main.storyboard */; };
		5C031ABA20219BA200F3D059 /* A_Okay_.xcdatamodeld in Sources */ = {isa = PBXBuildFile; fileRef = 5C031AB820219BA200F3D059 /* A_Okay_.xcdatamodeld */; };
		5C031ABC20219BA200F3D059 /* Assets.xcassets in Resources */ = {isa = PBXBuildFile; fileRef = 5C031ABB20219BA200F3D059 /* Assets.xcassets */; };
		5C031ABF20219BA200F3D059 /* LaunchScreen.storyboard in Resources */ = {isa = PBXBuildFile; fileRef = 5C031ABD20219BA200F3D059 /* LaunchScreen.storyboard */; };
		5C031ACA20219BA500F3D059 /* A_Okay_Tests.swift in Sources */ = {isa = PBXBuildFile; fileRef = 5C031AC920219BA500F3D059 /* A_Okay_Tests.swift */; };
		5C031AD520219BA500F3D059 /* A_Okay_UITests.swift in Sources */ = {isa = PBXBuildFile; fileRef = 5C031AD420219BA500F3D059 /* A_Okay_UITests.swift */; };
		5C3C36132023CB8100BCD943 /* MainUIController.swift in Sources */ = {isa = PBXBuildFile; fileRef = 5C3C36122023CB8100BCD943 /* MainUIController.swift */; };
		5C3C3615202407DD00BCD943 /* breatheController.swift in Sources */ = {isa = PBXBuildFile; fileRef = 5C3C3614202407DD00BCD943 /* breatheController.swift */; };
/* End PBXBuildFile section */

/* Begin PBXContainerItemProxy section */
		5C031AC620219BA500F3D059 /* PBXContainerItemProxy */ = {
			isa = PBXContainerItemProxy;
			containerPortal = 5C031AA620219B9E00F3D059 /* Project object */;
			proxyType = 1;
			remoteGlobalIDString = 5C031AAD20219B9F00F3D059;
			remoteInfo = "A-Okay!";
		};
		5C031AD120219BA500F3D059 /* PBXContainerItemProxy */ = {
			isa = PBXContainerItemProxy;
			containerPortal = 5C031AA620219B9E00F3D059 /* Project object */;
			proxyType = 1;
			remoteGlobalIDString = 5C031AAD20219B9F00F3D059;
			remoteInfo = "A-Okay!";
		};
/* End PBXContainerItemProxy section */

/* Begin PBXFileReference section */
		5C031AAE20219B9F00F3D059 /* A-Okay!.app */ = {isa = PBXFileReference; explicitFileType = wrapper.application; includeInIndex = 0; path = "A-Okay!.app"; sourceTree = BUILT_PRODUCTS_DIR; };
		5C031AB120219BA000F3D059 /* AppDelegate.swift */ = {isa = PBXFileReference; lastKnownFileType = sourcecode.swift; path = AppDelegate.swift; sourceTree = "<group>"; };
		5C031AB320219BA000F3D059 /* ViewController.swift */ = {isa = PBXFileReference; lastKnownFileType = sourcecode.swift; path = ViewController.swift; sourceTree = "<group>"; };
		5C031AB620219BA100F3D059 /* Base */ = {isa = PBXFileReference; lastKnownFileType = file.storyboard; name = Base; path = Base.lproj/Main.storyboard; sourceTree = "<group>"; };
		5C031AB920219BA200F3D059 /* A_Okay_.xcdatamodel */ = {isa = PBXFileReference; lastKnownFileType = wrapper.xcdatamodel; path = A_Okay_.xcdatamodel; sourceTree = "<group>"; };
		5C031ABB20219BA200F3D059 /* Assets.xcassets */ = {isa = PBXFileReference; lastKnownFileType = folder.assetcatalog; path = Assets.xcassets; sourceTree = "<group>"; };
		5C031ABE20219BA200F3D059 /* Base */ = {isa = PBXFileReference; lastKnownFileType = file.storyboard; name = Base; path = Base.lproj/LaunchScreen.storyboard; sourceTree = "<group>"; };
		5C031AC020219BA200F3D059 /* Info.plist */ = {isa = PBXFileReference; lastKnownFileType = text.plist.xml; path = Info.plist; sourceTree = "<group>"; };
		5C031AC520219BA500F3D059 /* A-Okay!Tests.xctest */ = {isa = PBXFileReference; explicitFileType = wrapper.cfbundle; includeInIndex = 0; path = "A-Okay!Tests.xctest"; sourceTree = BUILT_PRODUCTS_DIR; };
		5C031AC920219BA500F3D059 /* A_Okay_Tests.swift */ = {isa = PBXFileReference; lastKnownFileType = sourcecode.swift; path = A_Okay_Tests.swift; sourceTree = "<group>"; };
		5C031ACB20219BA500F3D059 /* Info.plist */ = {isa = PBXFileReference; lastKnownFileType = text.plist.xml; path = Info.plist; sourceTree = "<group>"; };
		5C031AD020219BA500F3D059 /* A-Okay!UITests.xctest */ = {isa = PBXFileReference; explicitFileType = wrapper.cfbundle; includeInIndex = 0; path = "A-Okay!UITests.xctest"; sourceTree = BUILT_PRODUCTS_DIR; };
		5C031AD420219BA500F3D059 /* A_Okay_UITests.swift */ = {isa = PBXFileReference; lastKnownFileType = sourcecode.swift; path = A_Okay_UITests.swift; sourceTree = "<group>"; };
		5C031AD620219BA600F3D059 /* Info.plist */ = {isa = PBXFileReference; lastKnownFileType = text.plist.xml; path = Info.plist; sourceTree = "<group>"; };
		5C3C36122023CB8100BCD943 /* MainUIController.swift */ = {isa = PBXFileReference; lastKnownFileType = sourcecode.swift; path = MainUIController.swift; sourceTree = "<group>"; };
		5C3C3614202407DD00BCD943 /* breatheController.swift */ = {isa = PBXFileReference; lastKnownFileType = sourcecode.swift; path = breatheController.swift; sourceTree = "<group>"; };
/* End PBXFileReference section */

/* Begin PBXFrameworksBuildPhase section */
		5C031AAB20219B9F00F3D059 /* Frameworks */ = {
			isa = PBXFrameworksBuildPhase;
			buildActionMask = 2147483647;
			files = (
			);
			runOnlyForDeploymentPostprocessing = 0;
		};
		5C031AC220219BA500F3D059 /* Frameworks */ = {
			isa = PBXFrameworksBuildPhase;
			buildActionMask = 2147483647;
			files = (
			);
			runOnlyForDeploymentPostprocessing = 0;
		};
		5C031ACD20219BA500F3D059 /* Frameworks */ = {
			isa = PBXFrameworksBuildPhase;
			buildActionMask = 2147483647;
			files = (
			);
			runOnlyForDeploymentPostprocessing = 0;
		};
/* End PBXFrameworksBuildPhase section */

/* Begin PBXGroup section */
		5C031AA520219B9E00F3D059 = {
			isa = PBXGroup;
			children = (
				5C031AB020219B9F00F3D059 /* A-Okay! */,
				5C031AC820219BA500F3D059 /* A-Okay!Tests */,
				5C031AD320219BA500F3D059 /* A-Okay!UITests */,
				5C031AAF20219B9F00F3D059 /* Products */,
			);
			sourceTree = "<group>";
		};
		5C031AAF20219B9F00F3D059 /* Products */ = {
			isa = PBXGroup;
			children = (
				5C031AAE20219B9F00F3D059 /* A-Okay!.app */,
				5C031AC520219BA500F3D059 /* A-Okay!Tests.xctest */,
				5C031AD020219BA500F3D059 /* A-Okay!UITests.xctest */,
			);
			name = Products;
			sourceTree = "<group>";
		};
		5C031AB020219B9F00F3D059 /* A-Okay! */ = {
			isa = PBXGroup;
			children = (
				5C0E672F202537E800AE02E4 /* ViewControllers */,
				5C031AB120219BA000F3D059 /* AppDelegate.swift */,
				5C031AB520219BA100F3D059 /* Main.storyboard */,
				5C031ABB20219BA200F3D059 /* Assets.xcassets */,
				5C031ABD20219BA200F3D059 /* LaunchScreen.storyboard */,
				5C031AC020219BA200F3D059 /* Info.plist */,
				5C031AB820219BA200F3D059 /* A_Okay_.xcdatamodeld */,
			);
			path = "A-Okay!";
			sourceTree = "<group>";
		};
		5C031AC820219BA500F3D059 /* A-Okay!Tests */ = {
			isa = PBXGroup;
			children = (
				5C031AC920219BA500F3D059 /* A_Okay_Tests.swift */,
				5C031ACB20219BA500F3D059 /* Info.plist */,
			);
			path = "A-Okay!Tests";
			sourceTree = "<group>";
		};
		5C031AD320219BA500F3D059 /* A-Okay!UITests */ = {
			isa = PBXGroup;
			children = (
				5C031AD420219BA500F3D059 /* A_Okay_UITests.swift */,
				5C031AD620219BA600F3D059 /* Info.plist */,
			);
			path = "A-Okay!UITests";
			sourceTree = "<group>";
		};
		5C0E672F202537E800AE02E4 /* ViewControllers */ = {
			isa = PBXGroup;
			children = (
				5C3C36122023CB8100BCD943 /* MainUIController.swift */,
				5C3C3614202407DD00BCD943 /* breatheController.swift */,
				5C031AB320219BA000F3D059 /* ViewController.swift */,
			);
			path = ViewControllers;
			sourceTree = "<group>";
		};
/* End PBXGroup section */

/* Begin PBXNativeTarget section */
		5C031AAD20219B9F00F3D059 /* A-Okay! */ = {
			isa = PBXNativeTarget;
			buildConfigurationList = 5C031AD920219BA600F3D059 /* Build configuration list for PBXNativeTarget "A-Okay!" */;
			buildPhases = (
				5C031AAA20219B9F00F3D059 /* Sources */,
				5C031AAB20219B9F00F3D059 /* Frameworks */,
				5C031AAC20219B9F00F3D059 /* Resources */,
			);
			buildRules = (
			);
			dependencies = (
			);
			name = "A-Okay!";
			productName = "A-Okay!";
			productReference = 5C031AAE20219B9F00F3D059 /* A-Okay!.app */;
			productType = "com.apple.product-type.application";
		};
		5C031AC420219BA500F3D059 /* A-Okay!Tests */ = {
			isa = PBXNativeTarget;
			buildConfigurationList = 5C031ADC20219BA600F3D059 /* Build configuration list for PBXNativeTarget "A-Okay!Tests" */;
			buildPhases = (
				5C031AC120219BA500F3D059 /* Sources */,
				5C031AC220219BA500F3D059 /* Frameworks */,
				5C031AC320219BA500F3D059 /* Resources */,
			);
			buildRules = (
			);
			dependencies = (
				5C031AC720219BA500F3D059 /* PBXTargetDependency */,
			);
			name = "A-Okay!Tests";
			productName = "A-Okay!Tests";
			productReference = 5C031AC520219BA500F3D059 /* A-Okay!Tests.xctest */;
			productType = "com.apple.product-type.bundle.unit-test";
		};
		5C031ACF20219BA500F3D059 /* A-Okay!UITests */ = {
			isa = PBXNativeTarget;
			buildConfigurationList = 5C031ADF20219BA600F3D059 /* Build configuration list for PBXNativeTarget "A-Okay!UITests" */;
			buildPhases = (
				5C031ACC20219BA500F3D059 /* Sources */,
				5C031ACD20219BA500F3D059 /* Frameworks */,
				5C031ACE20219BA500F3D059 /* Resources */,
			);
			buildRules = (
			);
			dependencies = (
				5C031AD220219BA500F3D059 /* PBXTargetDependency */,
			);
			name = "A-Okay!UITests";
			productName = "A-Okay!UITests";
			productReference = 5C031AD020219BA500F3D059 /* A-Okay!UITests.xctest */;
			productType = "com.apple.product-type.bundle.ui-testing";
		};
/* End PBXNativeTarget section */

/* Begin PBXProject section */
		5C031AA620219B9E00F3D059 /* Project object */ = {
			isa = PBXProject;
			attributes = {
				LastSwiftUpdateCheck = 0920;
				LastUpgradeCheck = 0920;
				ORGANIZATIONNAME = "Tyler Phillips";
				TargetAttributes = {
					5C031AAD20219B9F00F3D059 = {
						CreatedOnToolsVersion = 9.2;
						ProvisioningStyle = Automatic;
					};
					5C031AC420219BA500F3D059 = {
						CreatedOnToolsVersion = 9.2;
						ProvisioningStyle = Automatic;
						TestTargetID = 5C031AAD20219B9F00F3D059;
					};
					5C031ACF20219BA500F3D059 = {
						CreatedOnToolsVersion = 9.2;
						ProvisioningStyle = Automatic;
						TestTargetID = 5C031AAD20219B9F00F3D059;
					};
				};
			};
			buildConfigurationList = 5C031AA920219B9E00F3D059 /* Build configuration list for PBXProject "A-Okay!" */;
			compatibilityVersion = "Xcode 8.0";
			developmentRegion = en;
			hasScannedForEncodings = 0;
			knownRegions = (
				en,
				Base,
			);
			mainGroup = 5C031AA520219B9E00F3D059;
			productRefGroup = 5C031AAF20219B9F00F3D059 /* Products */;
			projectDirPath = "";
			projectRoot = "";
			targets = (
				5C031AAD20219B9F00F3D059 /* A-Okay! */,
				5C031AC420219BA500F3D059 /* A-Okay!Tests */,
				5C031ACF20219BA500F3D059 /* A-Okay!UITests */,
			);
		};
/* End PBXProject section */

/* Begin PBXResourcesBuildPhase section */
		5C031AAC20219B9F00F3D059 /* Resources */ = {
			isa = PBXResourcesBuildPhase;
			buildActionMask = 2147483647;
			files = (
				5C031ABF20219BA200F3D059 /* LaunchScreen.storyboard in Resources */,
				5C031ABC20219BA200F3D059 /* Assets.xcassets in Resources */,
				5C031AB720219BA100F3D059 /* Main.storyboard in Resources */,
			);
			runOnlyForDeploymentPostprocessing = 0;
		};
		5C031AC320219BA500F3D059 /* Resources */ = {
			isa = PBXResourcesBuildPhase;
			buildActionMask = 2147483647;
			files = (
			);
			runOnlyForDeploymentPostprocessing = 0;
		};
		5C031ACE20219BA500F3D059 /* Resources */ = {
			isa = PBXResourcesBuildPhase;
			buildActionMask = 2147483647;
			files = (
			);
			runOnlyForDeploymentPostprocessing = 0;
		};
/* End PBXResourcesBuildPhase section */

/* Begin PBXSourcesBuildPhase section */
		5C031AAA20219B9F00F3D059 /* Sources */ = {
			isa = PBXSourcesBuildPhase;
			buildActionMask = 2147483647;
			files = (
				5C3C36132023CB8100BCD943 /* MainUIController.swift in Sources */,
				5C031AB420219BA000F3D059 /* ViewController.swift in Sources */,
				5C031ABA20219BA200F3D059 /* A_Okay_.xcdatamodeld in Sources */,
				5C3C3615202407DD00BCD943 /* breatheController.swift in Sources */,
				5C031AB220219BA000F3D059 /* AppDelegate.swift in Sources */,
			);
			runOnlyForDeploymentPostprocessing = 0;
		};
		5C031AC120219BA500F3D059 /* Sources */ = {
			isa = PBXSourcesBuildPhase;
			buildActionMask = 2147483647;
			files = (
				5C031ACA20219BA500F3D059 /* A_Okay_Tests.swift in Sources */,
			);
			runOnlyForDeploymentPostprocessing = 0;
		};
		5C031ACC20219BA500F3D059 /* Sources */ = {
			isa = PBXSourcesBuildPhase;
			buildActionMask = 2147483647;
			files = (
				5C031AD520219BA500F3D059 /* A_Okay_UITests.swift in Sources */,
			);
			runOnlyForDeploymentPostprocessing = 0;
		};
/* End PBXSourcesBuildPhase section */

/* Begin PBXTargetDependency section */
		5C031AC720219BA500F3D059 /* PBXTargetDependency */ = {
			isa = PBXTargetDependency;
			target = 5C031AAD20219B9F00F3D059 /* A-Okay! */;
			targetProxy = 5C031AC620219BA500F3D059 /* PBXContainerItemProxy */;
		};
		5C031AD220219BA500F3D059 /* PBXTargetDependency */ = {
			isa = PBXTargetDependency;
			target = 5C031AAD20219B9F00F3D059 /* A-Okay! */;
			targetProxy = 5C031AD120219BA500F3D059 /* PBXContainerItemProxy */;
		};
/* End PBXTargetDependency section */

/* Begin PBXVariantGroup section */
		5C031AB520219BA100F3D059 /* Main.storyboard */ = {
			isa = PBXVariantGroup;
			children = (
				5C031AB620219BA100F3D059 /* Base */,
			);
			name = Main.storyboard;
			sourceTree = "<group>";
		};
		5C031ABD20219BA200F3D059 /* LaunchScreen.storyboard */ = {
			isa = PBXVariantGroup;
			children = (
				5C031ABE20219BA200F3D059 /* Base */,
			);
			name = LaunchScreen.storyboard;
			sourceTree = "<group>";
		};
/* End PBXVariantGroup section */

/* Begin XCBuildConfiguration section */
		5C031AD720219BA600F3D059 /* Debug */ = {
			isa = XCBuildConfiguration;
			buildSettings = {
				ALWAYS_SEARCH_USER_PATHS = NO;
				CLANG_ANALYZER_NONNULL = YES;
				CLANG_ANALYZER_NUMBER_OBJECT_CONVERSION = YES_AGGRESSIVE;
				CLANG_CXX_LANGUAGE_STANDARD = "gnu++14";
				CLANG_CXX_LIBRARY = "libc++";
				CLANG_ENABLE_MODULES = YES;
				CLANG_ENABLE_OBJC_ARC = YES;
				CLANG_WARN_BLOCK_CAPTURE_AUTORELEASING = YES;
				CLANG_WARN_BOOL_CONVERSION = YES;
				CLANG_WARN_COMMA = YES;
				CLANG_WARN_CONSTANT_CONVERSION = YES;
				CLANG_WARN_DIRECT_OBJC_ISA_USAGE = YES_ERROR;
				CLANG_WARN_DOCUMENTATION_COMMENTS = YES;
				CLANG_WARN_EMPTY_BODY = YES;
				CLANG_WARN_ENUM_CONVERSION = YES;
				CLANG_WARN_INFINITE_RECURSION = YES;
				CLANG_WARN_INT_CONVERSION = YES;
				CLANG_WARN_NON_LITERAL_NULL_CONVERSION = YES;
				CLANG_WARN_OBJC_LITERAL_CONVERSION = YES;
				CLANG_WARN_OBJC_ROOT_CLASS = YES_ERROR;
				CLANG_WARN_RANGE_LOOP_ANALYSIS = YES;
				CLANG_WARN_STRICT_PROTOTYPES = YES;
				CLANG_WARN_SUSPICIOUS_MOVE = YES;
				CLANG_WARN_UNGUARDED_AVAILABILITY = YES_AGGRESSIVE;
				CLANG_WARN_UNREACHABLE_CODE = YES;
				CLANG_WARN__DUPLICATE_METHOD_MATCH = YES;
				CODE_SIGN_IDENTITY = "iPhone Developer";
				COPY_PHASE_STRIP = NO;
				DEBUG_INFORMATION_FORMAT = dwarf;
				ENABLE_STRICT_OBJC_MSGSEND = YES;
				ENABLE_TESTABILITY = YES;
				GCC_C_LANGUAGE_STANDARD = gnu11;
				GCC_DYNAMIC_NO_PIC = NO;
				GCC_NO_COMMON_BLOCKS = YES;
				GCC_OPTIMIZATION_LEVEL = 0;
				GCC_PREPROCESSOR_DEFINITIONS = (
					"DEBUG=1",
					"$(inherited)",
				);
				GCC_WARN_64_TO_32_BIT_CONVERSION = YES;
				GCC_WARN_ABOUT_RETURN_TYPE = YES_ERROR;
				GCC_WARN_UNDECLARED_SELECTOR = YES;
				GCC_WARN_UNINITIALIZED_AUTOS = YES_AGGRESSIVE;
				GCC_WARN_UNUSED_FUNCTION = YES;
				GCC_WARN_UNUSED_VARIABLE = YES;
				IPHONEOS_DEPLOYMENT_TARGET = 11.2;
				MTL_ENABLE_DEBUG_INFO = YES;
				ONLY_ACTIVE_ARCH = YES;
				SDKROOT = iphoneos;
				SWIFT_ACTIVE_COMPILATION_CONDITIONS = DEBUG;
				SWIFT_OPTIMIZATION_LEVEL = "-Onone";
			};
			name = Debug;
		};
		5C031AD820219BA600F3D059 /* Release */ = {
			isa = XCBuildConfiguration;
			buildSettings = {
				ALWAYS_SEARCH_USER_PATHS = NO;
				CLANG_ANALYZER_NONNULL = YES;
				CLANG_ANALYZER_NUMBER_OBJECT_CONVERSION = YES_AGGRESSIVE;
				CLANG_CXX_LANGUAGE_STANDARD = "gnu++14";
				CLANG_CXX_LIBRARY = "libc++";
				CLANG_ENABLE_MODULES = YES;
				CLANG_ENABLE_OBJC_ARC = YES;
				CLANG_WARN_BLOCK_CAPTURE_AUTORELEASING = YES;
				CLANG_WARN_BOOL_CONVERSION = YES;
				CLANG_WARN_COMMA = YES;
				CLANG_WARN_CONSTANT_CONVERSION = YES;
				CLANG_WARN_DIRECT_OBJC_ISA_USAGE = YES_ERROR;
				CLANG_WARN_DOCUMENTATION_COMMENTS = YES;
				CLANG_WARN_EMPTY_BODY = YES;
				CLANG_WARN_ENUM_CONVERSION = YES;
				CLANG_WARN_INFINITE_RECURSION = YES;
				CLANG_WARN_INT_CONVERSION = YES;
				CLANG_WARN_NON_LITERAL_NULL_CONVERSION = YES;
				CLANG_WARN_OBJC_LITERAL_CONVERSION = YES;
				CLANG_WARN_OBJC_ROOT_CLASS = YES_ERROR;
				CLANG_WARN_RANGE_LOOP_ANALYSIS = YES;
				CLANG_WARN_STRICT_PROTOTYPES = YES;
				CLANG_WARN_SUSPICIOUS_MOVE = YES;
				CLANG_WARN_UNGUARDED_AVAILABILITY = YES_AGGRESSIVE;
				CLANG_WARN_UNREACHABLE_CODE = YES;
				CLANG_WARN__DUPLICATE_METHOD_MATCH = YES;
				CODE_SIGN_IDENTITY = "iPhone Developer";
				COPY_PHASE_STRIP = NO;
				DEBUG_INFORMATION_FORMAT = "dwarf-with-dsym";
				ENABLE_NS_ASSERTIONS = NO;
				ENABLE_STRICT_OBJC_MSGSEND = YES;
				GCC_C_LANGUAGE_STANDARD = gnu11;
				GCC_NO_COMMON_BLOCKS = YES;
				GCC_WARN_64_TO_32_BIT_CONVERSION = YES;
				GCC_WARN_ABOUT_RETURN_TYPE = YES_ERROR;
				GCC_WARN_UNDECLARED_SELECTOR = YES;
				GCC_WARN_UNINITIALIZED_AUTOS = YES_AGGRESSIVE;
				GCC_WARN_UNUSED_FUNCTION = YES;
				GCC_WARN_UNUSED_VARIABLE = YES;
				IPHONEOS_DEPLOYMENT_TARGET = 11.2;
				MTL_ENABLE_DEBUG_INFO = NO;
				SDKROOT = iphoneos;
				SWIFT_OPTIMIZATION_LEVEL = "-Owholemodule";
				VALIDATE_PRODUCT = YES;
			};
			name = Release;
		};
		5C031ADA20219BA600F3D059 /* Debug */ = {
			isa = XCBuildConfiguration;
			buildSettings = {
				ASSETCATALOG_COMPILER_APPICON_NAME = AppIcon;
				CODE_SIGN_STYLE = Automatic;
				DEVELOPMENT_TEAM = L4H9LZ77XG;
				INFOPLIST_FILE = "A-Okay!/Info.plist";
				IPHONEOS_DEPLOYMENT_TARGET = 10.3;
				LD_RUNPATH_SEARCH_PATHS = "$(inherited) @executable_path/Frameworks";
				PRODUCT_BUNDLE_IDENTIFIER = "xyz.tylerjphillips.A-Okay-";
				PRODUCT_NAME = "$(TARGET_NAME)";
				SWIFT_VERSION = 4.0;
				TARGETED_DEVICE_FAMILY = 1;
			};
			name = Debug;
		};
		5C031ADB20219BA600F3D059 /* Release */ = {
			isa = XCBuildConfiguration;
			buildSettings = {
				ASSETCATALOG_COMPILER_APPICON_NAME = AppIcon;
				CODE_SIGN_STYLE = Automatic;
				DEVELOPMENT_TEAM = L4H9LZ77XG;
				INFOPLIST_FILE = "A-Okay!/Info.plist";
				IPHONEOS_DEPLOYMENT_TARGET = 10.3;
				LD_RUNPATH_SEARCH_PATHS = "$(inherited) @executable_path/Frameworks";
				PRODUCT_BUNDLE_IDENTIFIER = "xyz.tylerjphillips.A-Okay-";
				PRODUCT_NAME = "$(TARGET_NAME)";
				SWIFT_VERSION = 4.0;
				TARGETED_DEVICE_FAMILY = 1;
			};
			name = Release;
		};
		5C031ADD20219BA600F3D059 /* Debug */ = {
			isa = XCBuildConfiguration;
			buildSettings = {
				ALWAYS_EMBED_SWIFT_STANDARD_LIBRARIES = YES;
				BUNDLE_LOADER = "$(TEST_HOST)";
				CODE_SIGN_STYLE = Automatic;
				DEVELOPMENT_TEAM = L4H9LZ77XG;
				INFOPLIST_FILE = "A-Okay!Tests/Info.plist";
				LD_RUNPATH_SEARCH_PATHS = "$(inherited) @executable_path/Frameworks @loader_path/Frameworks";
				PRODUCT_BUNDLE_IDENTIFIER = "xyz.tylerjphillips.A-Okay-Tests";
				PRODUCT_NAME = "$(TARGET_NAME)";
				SWIFT_VERSION = 4.0;
				TARGETED_DEVICE_FAMILY = "1,2";
				TEST_HOST = "$(BUILT_PRODUCTS_DIR)/A-Okay!.app/A-Okay!";
			};
			name = Debug;
		};
		5C031ADE20219BA600F3D059 /* Release */ = {
			isa = XCBuildConfiguration;
			buildSettings = {
				ALWAYS_EMBED_SWIFT_STANDARD_LIBRARIES = YES;
				BUNDLE_LOADER = "$(TEST_HOST)";
				CODE_SIGN_STYLE = Automatic;
				DEVELOPMENT_TEAM = L4H9LZ77XG;
				INFOPLIST_FILE = "A-Okay!Tests/Info.plist";
				LD_RUNPATH_SEARCH_PATHS = "$(inherited) @executable_path/Frameworks @loader_path/Frameworks";
				PRODUCT_BUNDLE_IDENTIFIER = "xyz.tylerjphillips.A-Okay-Tests";
				PRODUCT_NAME = "$(TARGET_NAME)";
				SWIFT_VERSION = 4.0;
				TARGETED_DEVICE_FAMILY = "1,2";
				TEST_HOST = "$(BUILT_PRODUCTS_DIR)/A-Okay!.app/A-Okay!";
			};
			name = Release;
		};
		5C031AE020219BA600F3D059 /* Debug */ = {
			isa = XCBuildConfiguration;
			buildSettings = {
				ALWAYS_EMBED_SWIFT_STANDARD_LIBRARIES = YES;
				CODE_SIGN_STYLE = Automatic;
				DEVELOPMENT_TEAM = L4H9LZ77XG;
				INFOPLIST_FILE = "A-Okay!UITests/Info.plist";
				LD_RUNPATH_SEARCH_PATHS = "$(inherited) @executable_path/Frameworks @loader_path/Frameworks";
				PRODUCT_BUNDLE_IDENTIFIER = "xyz.tylerjphillips.A-Okay-UITests";
				PRODUCT_NAME = "$(TARGET_NAME)";
				SWIFT_VERSION = 4.0;
				TARGETED_DEVICE_FAMILY = "1,2";
				TEST_TARGET_NAME = "A-Okay!";
			};
			name = Debug;
		};
		5C031AE120219BA600F3D059 /* Release */ = {
			isa = XCBuildConfiguration;
			buildSettings = {
				ALWAYS_EMBED_SWIFT_STANDARD_LIBRARIES = YES;
				CODE_SIGN_STYLE = Automatic;
				DEVELOPMENT_TEAM = L4H9LZ77XG;
				INFOPLIST_FILE = "A-Okay!UITests/Info.plist";
				LD_RUNPATH_SEARCH_PATHS = "$(inherited) @executable_path/Frameworks @loader_path/Frameworks";
				PRODUCT_BUNDLE_IDENTIFIER = "xyz.tylerjphillips.A-Okay-UITests";
				PRODUCT_NAME = "$(TARGET_NAME)";
				SWIFT_VERSION = 4.0;
				TARGETED_DEVICE_FAMILY = "1,2";
				TEST_TARGET_NAME = "A-Okay!";
			};
			name = Release;
		};
/* End XCBuildConfiguration section */

/* Begin XCConfigurationList section */
		5C031AA920219B9E00F3D059 /* Build configuration list for PBXProject "A-Okay!" */ = {
			isa = XCConfigurationList;
			buildConfigurations = (
				5C031AD720219BA600F3D059 /* Debug */,
				5C031AD820219BA600F3D059 /* Release */,
			);
			defaultConfigurationIsVisible = 0;
			defaultConfigurationName = Release;
		};
		5C031AD920219BA600F3D059 /* Build configuration list for PBXNativeTarget "A-Okay!" */ = {
			isa = XCConfigurationList;
			buildConfigurations = (
				5C031ADA20219BA600F3D059 /* Debug */,
				5C031ADB20219BA600F3D059 /* Release */,
			);
			defaultConfigurationIsVisible = 0;
			defaultConfigurationName = Release;
		};
		5C031ADC20219BA600F3D059 /* Build configuration list for PBXNativeTarget "A-Okay!Tests" */ = {
			isa = XCConfigurationList;
			buildConfigurations = (
				5C031ADD20219BA600F3D059 /* Debug */,
				5C031ADE20219BA600F3D059 /* Release */,
			);
			defaultConfigurationIsVisible = 0;
			defaultConfigurationName = Release;
		};
		5C031ADF20219BA600F3D059 /* Build configuration list for PBXNativeTarget "A-Okay!UITests" */ = {
			isa = XCConfigurationList;
			buildConfigurations = (
				5C031AE020219BA600F3D059 /* Debug */,
				5C031AE120219BA600F3D059 /* Release */,
			);
			defaultConfigurationIsVisible = 0;
			defaultConfigurationName = Release;
		};
/* End XCConfigurationList section */

/* Begin XCVersionGroup section */
		5C031AB820219BA200F3D059 /* A_Okay_.xcdatamodeld */ = {
			isa = XCVersionGroup;
			children = (
				5C031AB920219BA200F3D059 /* A_Okay_.xcdatamodel */,
			);
			currentVersion = 5C031AB920219BA200F3D059 /* A_Okay_.xcdatamodel */;
			path = A_Okay_.xcdatamodeld;
			sourceTree = "<group>";
			versionGroupType = wrapper.xcdatamodel;
		};
/* End XCVersionGroup section */
	};
	rootObject = 5C031AA620219B9E00F3D059 /* Project object */;
}
